
Microsoft Visual Studio Solution File, Format Version 12.00
# Visual Studio 15
VisualStudioVersion = 15.0.28307.438
MinimumVisualStudioVersion = 10.0.40219.1
Project("{FAE04EC0-301F-11D3-BF4B-00C04F79EFBC}") = "RevitAPIM", "RevitAPIM.csproj", "{E3B11DD9-655F-48B2-8EE8-516897361850}"
EndProject
Global
	GlobalSection(SolutionConfigurationPlatforms) = preSolution
		Debug|Any CPU = Debug|Any CPU
		Release|Any CPU = Release|Any CPU
	EndGlobalSection
	GlobalSection(ProjectConfigurationPlatforms) = postSolution
		{E3B11DD9-655F-48B2-8EE8-516897361850}.Debug|Any CPU.ActiveCfg = Debug|Any CPU
		{E3B11DD9-655F-48B2-8EE8-516897361850}.Debug|Any CPU.Build.0 = Debug|Any CPU
		{E3B11DD9-655F-48B2-8EE8-516897361850}.Release|Any CPU.ActiveCfg = Release|Any CPU
		{E3B11DD9-655F-48B2-8EE8-516897361850}.Release|Any CPU.Build.0 = Release|Any CPU
	EndGlobalSection
	GlobalSection(SolutionProperties) = preSolution
		HideSolutionNode = FALSE
	EndGlobalSection
	GlobalSection(ExtensibilityGlobals) = postSolution
		SolutionGuid = {1984AB49-BCD4-4379-96AE-3A7BC6339874}
	EndGlobalSection
EndGlobal
